
Microsoft Visual Studio Solution File, Format Version 12.00
# Visual Studio 2013
VisualStudioVersion = 12.0.31101.0
MinimumVisualStudioVersion = 10.0.40219.1
Project("{FAE04EC0-301F-11D3-BF4B-00C04F79EFBC}") = "HendonHerald", "HendonHerald\HendonHerald.csproj", "{28A9CB67-066D-4A3A-B940-51F2DF123B0C}"
EndProject
Project("{FAE04EC0-301F-11D3-BF4B-00C04F79EFBC}") = "HendonHerald.DAL", "HendonHerald.DAL\HendonHerald.DAL.csproj", "{8D2D19FB-882C-4E0B-8674-C2E1512F5AE1}"
EndProject
Project("{FAE04EC0-301F-11D3-BF4B-00C04F79EFBC}") = "HendonHerald.BLL", "HendonHerald.BLL\HendonHerald.BLL.csproj", "{F2608C32-6CD3-4131-B520-AED6EAE1ACF3}"
EndProject
Project("{FAE04EC0-301F-11D3-BF4B-00C04F79EFBC}") = "HendonHerald.Tests", "HendonHerald.Tests\HendonHerald.Tests.csproj", "{57E45B2B-2928-4962-9896-CAB199D6052D}"
EndProject
Project("{2150E333-8FDC-42A3-9474-1A3956D46DE8}") = ".nuget", ".nuget", "{9213D091-4E41-4D6B-86A3-F9ACF3B8C94E}"
	ProjectSection(SolutionItems) = preProject
		.nuget\packages.config = .nuget\packages.config
	EndProjectSection
EndProject
Global
	GlobalSection(SolutionConfigurationPlatforms) = preSolution
		Debug|Any CPU = Debug|Any CPU
		Release|Any CPU = Release|Any CPU
	EndGlobalSection
	GlobalSection(ProjectConfigurationPlatforms) = postSolution
		{28A9CB67-066D-4A3A-B940-51F2DF123B0C}.Debug|Any CPU.ActiveCfg = Debug|Any CPU
		{28A9CB67-066D-4A3A-B940-51F2DF123B0C}.Debug|Any CPU.Build.0 = Debug|Any CPU
		{28A9CB67-066D-4A3A-B940-51F2DF123B0C}.Release|Any CPU.ActiveCfg = Release|Any CPU
		{28A9CB67-066D-4A3A-B940-51F2DF123B0C}.Release|Any CPU.Build.0 = Release|Any CPU
		{8D2D19FB-882C-4E0B-8674-C2E1512F5AE1}.Debug|Any CPU.ActiveCfg = Debug|Any CPU
		{8D2D19FB-882C-4E0B-8674-C2E1512F5AE1}.Debug|Any CPU.Build.0 = Debug|Any CPU
		{8D2D19FB-882C-4E0B-8674-C2E1512F5AE1}.Release|Any CPU.ActiveCfg = Release|Any CPU
		{8D2D19FB-882C-4E0B-8674-C2E1512F5AE1}.Release|Any CPU.Build.0 = Release|Any CPU
		{F2608C32-6CD3-4131-B520-AED6EAE1ACF3}.Debug|Any CPU.ActiveCfg = Debug|Any CPU
		{F2608C32-6CD3-4131-B520-AED6EAE1ACF3}.Debug|Any CPU.Build.0 = Debug|Any CPU
		{F2608C32-6CD3-4131-B520-AED6EAE1ACF3}.Release|Any CPU.ActiveCfg = Release|Any CPU
		{F2608C32-6CD3-4131-B520-AED6EAE1ACF3}.Release|Any CPU.Build.0 = Release|Any CPU
		{57E45B2B-2928-4962-9896-CAB199D6052D}.Debug|Any CPU.ActiveCfg = Debug|Any CPU
		{57E45B2B-2928-4962-9896-CAB199D6052D}.Debug|Any CPU.Build.0 = Debug|Any CPU
		{57E45B2B-2928-4962-9896-CAB199D6052D}.Release|Any CPU.ActiveCfg = Release|Any CPU
		{57E45B2B-2928-4962-9896-CAB199D6052D}.Release|Any CPU.Build.0 = Release|Any CPU
	EndGlobalSection
	GlobalSection(SolutionProperties) = preSolution
		HideSolutionNode = FALSE
	EndGlobalSection
EndGlobal
